
Microsoft Visual Studio Solution File, Format Version 12.00
# Visual Studio Version 16
VisualStudioVersion = 16.0.30002.166
MinimumVisualStudioVersion = 10.0.40219.1
Project("{FAE04EC0-301F-11D3-BF4B-00C04F79EFBC}") = "MathPuzzle.Android", "MathPuzzle\MathPuzzle.Android\MathPuzzle.Android.csproj", "{C46F6FD3-4272-4857-AB43-DB667B7D309C}"
EndProject
Project("{FAE04EC0-301F-11D3-BF4B-00C04F79EFBC}") = "MathPuzzle.iOS", "MathPuzzle\MathPuzzle.iOS\MathPuzzle.iOS.csproj", "{7CED375E-EE51-462F-B9FA-04CFDCFC1282}"
EndProject
Project("{FAE04EC0-301F-11D3-BF4B-00C04F79EFBC}") = "MathPuzzle", "MathPuzzle\MathPuzzle\MathPuzzle.csproj", "{0EAAC5AF-F0F9-426C-89B9-E2E24D51EB01}"
EndProject
Global
	GlobalSection(SolutionConfigurationPlatforms) = preSolution
		Debug|Any CPU = Debug|Any CPU
		Debug|iPhone = Debug|iPhone
		Debug|iPhoneSimulator = Debug|iPhoneSimulator
		Release|Any CPU = Release|Any CPU
		Release|iPhone = Release|iPhone
		Release|iPhoneSimulator = Release|iPhoneSimulator
	EndGlobalSection
	GlobalSection(ProjectConfigurationPlatforms) = postSolution
		{C46F6FD3-4272-4857-AB43-DB667B7D309C}.Debug|Any CPU.ActiveCfg = Debug|Any CPU
		{C46F6FD3-4272-4857-AB43-DB667B7D309C}.Debug|Any CPU.Build.0 = Debug|Any CPU
		{C46F6FD3-4272-4857-AB43-DB667B7D309C}.Debug|Any CPU.Deploy.0 = Debug|Any CPU
		{C46F6FD3-4272-4857-AB43-DB667B7D309C}.Debug|iPhone.ActiveCfg = Debug|Any CPU
		{C46F6FD3-4272-4857-AB43-DB667B7D309C}.Debug|iPhone.Build.0 = Debug|Any CPU
		{C46F6FD3-4272-4857-AB43-DB667B7D309C}.Debug|iPhone.Deploy.0 = Debug|Any CPU
		{C46F6FD3-4272-4857-AB43-DB667B7D309C}.Debug|iPhoneSimulator.ActiveCfg = Debug|Any CPU
		{C46F6FD3-4272-4857-AB43-DB667B7D309C}.Debug|iPhoneSimulator.Build.0 = Debug|Any CPU
		{C46F6FD3-4272-4857-AB43-DB667B7D309C}.Debug|iPhoneSimulator.Deploy.0 = Debug|Any CPU
		{C46F6FD3-4272-4857-AB43-DB667B7D309C}.Release|Any CPU.ActiveCfg = Release|Any CPU
		{C46F6FD3-4272-4857-AB43-DB667B7D309C}.Release|Any CPU.Build.0 = Release|Any CPU
		{C46F6FD3-4272-4857-AB43-DB667B7D309C}.Release|Any CPU.Deploy.0 = Release|Any CPU
		{C46F6FD3-4272-4857-AB43-DB667B7D309C}.Release|iPhone.ActiveCfg = Release|Any CPU
		{C46F6FD3-4272-4857-AB43-DB667B7D309C}.Release|iPhone.Build.0 = Release|Any CPU
		{C46F6FD3-4272-4857-AB43-DB667B7D309C}.Release|iPhone.Deploy.0 = Release|Any CPU
		{C46F6FD3-4272-4857-AB43-DB667B7D309C}.Release|iPhoneSimulator.ActiveCfg = Release|Any CPU
		{C46F6FD3-4272-4857-AB43-DB667B7D309C}.Release|iPhoneSimulator.Build.0 = Release|Any CPU
		{C46F6FD3-4272-4857-AB43-DB667B7D309C}.Release|iPhoneSimulator.Deploy.0 = Release|Any CPU
		{7CED375E-EE51-462F-B9FA-04CFDCFC1282}.Debug|Any CPU.ActiveCfg = Debug|iPhone
		{7CED375E-EE51-462F-B9FA-04CFDCFC1282}.Debug|Any CPU.Build.0 = Debug|iPhone
		{7CED375E-EE51-462F-B9FA-04CFDCFC1282}.Debug|Any CPU.Deploy.0 = Debug|iPhone
		{7CED375E-EE51-462F-B9FA-04CFDCFC1282}.Debug|iPhone.ActiveCfg = Debug|iPhone
		{7CED375E-EE51-462F-B9FA-04CFDCFC1282}.Debug|iPhone.Build.0 = Debug|iPhone
		{7CED375E-EE51-462F-B9FA-04CFDCFC1282}.Debug|iPhone.Deploy.0 = Debug|iPhone
		{7CED375E-EE51-462F-B9FA-04CFDCFC1282}.Debug|iPhoneSimulator.ActiveCfg = Debug|iPhoneSimulator
		{7CED375E-EE51-462F-B9FA-04CFDCFC1282}.Debug|iPhoneSimulator.Build.0 = Debug|iPhoneSimulator
		{7CED375E-EE51-462F-B9FA-04CFDCFC1282}.Debug|iPhoneSimulator.Deploy.0 = Debug|iPhoneSimulator
		{7CED375E-EE51-462F-B9FA-04CFDCFC1282}.Release|Any CPU.ActiveCfg = Release|iPhone
		{7CED375E-EE51-462F-B9FA-04CFDCFC1282}.Release|Any CPU.Build.0 = Release|iPhone
		{7CED375E-EE51-462F-B9FA-04CFDCFC1282}.Release|Any CPU.Deploy.0 = Release|iPhone
		{7CED375E-EE51-462F-B9FA-04CFDCFC1282}.Release|iPhone.ActiveCfg = Release|iPhone
		{7CED375E-EE51-462F-B9FA-04CFDCFC1282}.Release|iPhone.Build.0 = Release|iPhone
		{7CED375E-EE51-462F-B9FA-04CFDCFC1282}.Release|iPhone.Deploy.0 = Release|iPhone
		{7CED375E-EE51-462F-B9FA-04CFDCFC1282}.Release|iPhoneSimulator.ActiveCfg = Release|iPhoneSimulator
		{7CED375E-EE51-462F-B9FA-04CFDCFC1282}.Release|iPhoneSimulator.Build.0 = Release|iPhoneSimulator
		{7CED375E-EE51-462F-B9FA-04CFDCFC1282}.Release|iPhoneSimulator.Deploy.0 = Release|iPhoneSimulator
		{0EAAC5AF-F0F9-426C-89B9-E2E24D51EB01}.Debug|Any CPU.ActiveCfg = Debug|Any CPU
		{0EAAC5AF-F0F9-426C-89B9-E2E24D51EB01}.Debug|Any CPU.Build.0 = Debug|Any CPU
		{0EAAC5AF-F0F9-426C-89B9-E2E24D51EB01}.Debug|Any CPU.Deploy.0 = Debug|Any CPU
		{0EAAC5AF-F0F9-426C-89B9-E2E24D51EB01}.Debug|iPhone.ActiveCfg = Debug|Any CPU
		{0EAAC5AF-F0F9-426C-89B9-E2E24D51EB01}.Debug|iPhone.Build.0 = Debug|Any CPU
		{0EAAC5AF-F0F9-426C-89B9-E2E24D51EB01}.Debug|iPhone.Deploy.0 = Debug|Any CPU
		{0EAAC5AF-F0F9-426C-89B9-E2E24D51EB01}.Debug|iPhoneSimulator.ActiveCfg = Debug|Any CPU
		{0EAAC5AF-F0F9-426C-89B9-E2E24D51EB01}.Debug|iPhoneSimulator.Build.0 = Debug|Any CPU
		{0EAAC5AF-F0F9-426C-89B9-E2E24D51EB01}.Debug|iPhoneSimulator.Deploy.0 = Debug|Any CPU
		{0EAAC5AF-F0F9-426C-89B9-E2E24D51EB01}.Release|Any CPU.ActiveCfg = Release|Any CPU
		{0EAAC5AF-F0F9-426C-89B9-E2E24D51EB01}.Release|Any CPU.Build.0 = Release|Any CPU
		{0EAAC5AF-F0F9-426C-89B9-E2E24D51EB01}.Release|Any CPU.Deploy.0 = Release|Any CPU
		{0EAAC5AF-F0F9-426C-89B9-E2E24D51EB01}.Release|iPhone.ActiveCfg = Release|Any CPU
		{0EAAC5AF-F0F9-426C-89B9-E2E24D51EB01}.Release|iPhone.Build.0 = Release|Any CPU
		{0EAAC5AF-F0F9-426C-89B9-E2E24D51EB01}.Release|iPhone.Deploy.0 = Release|Any CPU
		{0EAAC5AF-F0F9-426C-89B9-E2E24D51EB01}.Release|iPhoneSimulator.ActiveCfg = Release|Any CPU
		{0EAAC5AF-F0F9-426C-89B9-E2E24D51EB01}.Release|iPhoneSimulator.Build.0 = Release|Any CPU
		{0EAAC5AF-F0F9-426C-89B9-E2E24D51EB01}.Release|iPhoneSimulator.Deploy.0 = Release|Any CPU
	EndGlobalSection
	GlobalSection(SolutionProperties) = preSolution
		HideSolutionNode = FALSE
	EndGlobalSection
	GlobalSection(ExtensibilityGlobals) = postSolution
		SolutionGuid = {4F13EAC7-9ABD-4AF7-B34F-F7EDED2EA64E}
	EndGlobalSection
EndGlobal
